
Microsoft Visual Studio Solution File, Format Version 12.00
# Visual Studio 15
VisualStudioVersion = 15.0.27703.2000
MinimumVisualStudioVersion = 10.0.40219.1
Project("{8BC9CEB8-8B4A-11D0-8D11-00A0C91BC942}") = "+-字符串", "+-字符串\+-字符串.vcxproj", "{C231923E-A2B4-47B7-874D-B627B341028F}"
EndProject
Global
	GlobalSection(SolutionConfigurationPlatforms) = preSolution
		Debug|x64 = Debug|x64
		Debug|x86 = Debug|x86
		Release|x64 = Release|x64
		Release|x86 = Release|x86
	EndGlobalSection
	GlobalSection(ProjectConfigurationPlatforms) = postSolution
		{C231923E-A2B4-47B7-874D-B627B341028F}.Debug|x64.ActiveCfg = Debug|x64
		{C231923E-A2B4-47B7-874D-B627B341028F}.Debug|x64.Build.0 = Debug|x64
		{C231923E-A2B4-47B7-874D-B627B341028F}.Debug|x86.ActiveCfg = Debug|Win32
		{C231923E-A2B4-47B7-874D-B627B341028F}.Debug|x86.Build.0 = Debug|Win32
		{C231923E-A2B4-47B7-874D-B627B341028F}.Release|x64.ActiveCfg = Release|x64
		{C231923E-A2B4-47B7-874D-B627B341028F}.Release|x64.Build.0 = Release|x64
		{C231923E-A2B4-47B7-874D-B627B341028F}.Release|x86.ActiveCfg = Release|Win32
		{C231923E-A2B4-47B7-874D-B627B341028F}.Release|x86.Build.0 = Release|Win32
	EndGlobalSection
	GlobalSection(SolutionProperties) = preSolution
		HideSolutionNode = FALSE
	EndGlobalSection
	GlobalSection(ExtensibilityGlobals) = postSolution
		SolutionGuid = {8F5ADE47-D413-4286-AC5B-01946CE74BCC}
	EndGlobalSection
EndGlobal
