
Microsoft Visual Studio Solution File, Format Version 12.00
# Visual Studio 15
VisualStudioVersion = 15.0.27703.2000
MinimumVisualStudioVersion = 10.0.40219.1
Project("{8BC9CEB8-8B4A-11D0-8D11-00A0C91BC942}") = "分西瓜", "分西瓜\分西瓜.vcxproj", "{C3BD55DE-AE48-4669-AA30-410181BA9680}"
EndProject
Global
	GlobalSection(SolutionConfigurationPlatforms) = preSolution
		Debug|x64 = Debug|x64
		Debug|x86 = Debug|x86
		Release|x64 = Release|x64
		Release|x86 = Release|x86
	EndGlobalSection
	GlobalSection(ProjectConfigurationPlatforms) = postSolution
		{C3BD55DE-AE48-4669-AA30-410181BA9680}.Debug|x64.ActiveCfg = Debug|x64
		{C3BD55DE-AE48-4669-AA30-410181BA9680}.Debug|x64.Build.0 = Debug|x64
		{C3BD55DE-AE48-4669-AA30-410181BA9680}.Debug|x86.ActiveCfg = Debug|Win32
		{C3BD55DE-AE48-4669-AA30-410181BA9680}.Debug|x86.Build.0 = Debug|Win32
		{C3BD55DE-AE48-4669-AA30-410181BA9680}.Release|x64.ActiveCfg = Release|x64
		{C3BD55DE-AE48-4669-AA30-410181BA9680}.Release|x64.Build.0 = Release|x64
		{C3BD55DE-AE48-4669-AA30-410181BA9680}.Release|x86.ActiveCfg = Release|Win32
		{C3BD55DE-AE48-4669-AA30-410181BA9680}.Release|x86.Build.0 = Release|Win32
	EndGlobalSection
	GlobalSection(SolutionProperties) = preSolution
		HideSolutionNode = FALSE
	EndGlobalSection
	GlobalSection(ExtensibilityGlobals) = postSolution
		SolutionGuid = {B9128F5E-B7A0-4A47-8441-B885FAB0DA21}
	EndGlobalSection
EndGlobal
